
Microsoft Visual Studio Solution File, Format Version 12.00
# Visual Studio Version 17
VisualStudioVersion = 17.4.33205.214
MinimumVisualStudioVersion = 10.0.40219.1
Project("{FAE04EC0-301F-11D3-BF4B-00C04F79EFBC}") = "TARpv21Link.Android", "TARpv21Link\TARpv21Link.Android\TARpv21Link.Android.csproj", "{BAC1C586-5E3D-46C5-B468-42626DD16BB7}"
EndProject
Project("{FAE04EC0-301F-11D3-BF4B-00C04F79EFBC}") = "TARpv21Link", "TARpv21Link\TARpv21Link\TARpv21Link.csproj", "{A4A61EE7-A32F-4348-B106-751C10DBD66A}"
EndProject
Global
	GlobalSection(SolutionConfigurationPlatforms) = preSolution
		Debug|Any CPU = Debug|Any CPU
		Release|Any CPU = Release|Any CPU
	EndGlobalSection
	GlobalSection(ProjectConfigurationPlatforms) = postSolution
		{BAC1C586-5E3D-46C5-B468-42626DD16BB7}.Debug|Any CPU.ActiveCfg = Debug|Any CPU
		{BAC1C586-5E3D-46C5-B468-42626DD16BB7}.Debug|Any CPU.Build.0 = Debug|Any CPU
		{BAC1C586-5E3D-46C5-B468-42626DD16BB7}.Debug|Any CPU.Deploy.0 = Debug|Any CPU
		{BAC1C586-5E3D-46C5-B468-42626DD16BB7}.Release|Any CPU.ActiveCfg = Release|Any CPU
		{BAC1C586-5E3D-46C5-B468-42626DD16BB7}.Release|Any CPU.Build.0 = Release|Any CPU
		{BAC1C586-5E3D-46C5-B468-42626DD16BB7}.Release|Any CPU.Deploy.0 = Release|Any CPU
		{A4A61EE7-A32F-4348-B106-751C10DBD66A}.Debug|Any CPU.ActiveCfg = Debug|Any CPU
		{A4A61EE7-A32F-4348-B106-751C10DBD66A}.Debug|Any CPU.Build.0 = Debug|Any CPU
		{A4A61EE7-A32F-4348-B106-751C10DBD66A}.Debug|Any CPU.Deploy.0 = Debug|Any CPU
		{A4A61EE7-A32F-4348-B106-751C10DBD66A}.Release|Any CPU.ActiveCfg = Release|Any CPU
		{A4A61EE7-A32F-4348-B106-751C10DBD66A}.Release|Any CPU.Build.0 = Release|Any CPU
		{A4A61EE7-A32F-4348-B106-751C10DBD66A}.Release|Any CPU.Deploy.0 = Release|Any CPU
	EndGlobalSection
	GlobalSection(SolutionProperties) = preSolution
		HideSolutionNode = FALSE
	EndGlobalSection
	GlobalSection(ExtensibilityGlobals) = postSolution
		SolutionGuid = {DF2C8F82-5442-4CB7-96D9-9E1B496CEB7C}
	EndGlobalSection
EndGlobal
